{
  "name": "cml-playground",
  "version": "1.0.0",
  "lockfileVersion": 1,
  "requires": true,
  "dependencies": {
    "@didi/chameleon": {
      "version": "3.0.0",
      "resolved": "http://registry.npm.xiaojukeji.com/@didi/chameleon/download/@didi/chameleon-3.0.0.tgz",
      "integrity": "sha1-SxEVybtRocdt7c6C9k3sylo4wqA=",
      "requires": {
        "mobx": "3.6.1"
      }
    },
    "@didi/chameleon-api": {
      "version": "1.0.3",
      "resolved": "http://registry.npm.xiaojukeji.com/@didi/chameleon-api/download/@didi/chameleon-api-1.0.3.tgz",
      "integrity": "sha1-yGwVUol7tAxrE+9+LsqdatlfSMc=",
      "requires": {
        "@didi/didibridge": "~0.2.9",
        "@didi/passport": "^0.1.1",
        "@didi/velocity-min": "^1.0.0",
        "@didi/weex-bridge": "1.0.0",
        "fetch-detector": "^1.0.1",
        "fetch-ie8": "^1.5.0"
      }
    },
    "@didi/chameleon-store": {
      "version": "1.0.1",
      "resolved": "http://registry.npm.xiaojukeji.com/@didi/chameleon-store/download/@didi/chameleon-store-1.0.1.tgz",
      "integrity": "sha1-30AtxMzNBKuvGcX1F1A0mqbXRjo=",
      "requires": {
        "mobx": "3.6.1",
        "vuex": "3.0.1"
      }
    },
    "@didi/chameleon-ui": {
      "version": "1.0.7",
      "resolved": "http://registry.npm.xiaojukeji.com/@didi/chameleon-ui/download/@didi/chameleon-ui-1.0.7.tgz",
      "integrity": "sha1-xYTo59ocn8VJexxGUU5zXaUChi8=",
      "requires": {
        "@didi/chameleon-api": "^0.1.16",
        "classnames": "2.2.6"
      },
      "dependencies": {
        "@didi/chameleon-api": {
          "version": "0.1.29",
          "resolved": "http://registry.npm.xiaojukeji.com/@didi/chameleon-api/download/@didi/chameleon-api-0.1.29.tgz",
          "integrity": "sha1-AWeL8Vn4TvOCMqHpCofvz50zA6w=",
          "requires": {
            "@didi/didibridge": "~0.2.9",
            "@didi/passport": "^0.1.1",
            "@didi/velocity-min": "^1.0.0",
            "@didi/weex-bridge": "^0.1.9",
            "fetch-detector": "^1.0.1",
            "fetch-ie8": "^1.5.0"
          }
        },
        "@didi/weex-bridge": {
          "version": "0.1.10",
          "resolved": "http://registry.npm.xiaojukeji.com/@didi/weex-bridge/download/@didi/weex-bridge-0.1.10.tgz",
          "integrity": "sha1-UpKhAhYkN5QrrPwZC6gGkd3ygRg="
        }
      }
    },
    "@didi/chameleon-ui-builtin": {
      "version": "1.0.12",
      "resolved": "http://registry.npm.xiaojukeji.com/@didi/chameleon-ui-builtin/download/@didi/chameleon-ui-builtin-1.0.12.tgz",
      "integrity": "sha1-EbnYbcG9NdC/STzuXJW4qTa2YiI=",
      "requires": {
        "@didi/chameleon-api": "^0.1.16",
        "better-scroll": "1.13.2"
      },
      "dependencies": {
        "@didi/chameleon-api": {
          "version": "0.1.29",
          "resolved": "http://registry.npm.xiaojukeji.com/@didi/chameleon-api/download/@didi/chameleon-api-0.1.29.tgz",
          "integrity": "sha1-AWeL8Vn4TvOCMqHpCofvz50zA6w=",
          "requires": {
            "@didi/didibridge": "~0.2.9",
            "@didi/passport": "^0.1.1",
            "@didi/velocity-min": "^1.0.0",
            "@didi/weex-bridge": "^0.1.9",
            "fetch-detector": "^1.0.1",
            "fetch-ie8": "^1.5.0"
          }
        },
        "@didi/weex-bridge": {
          "version": "0.1.10",
          "resolved": "http://registry.npm.xiaojukeji.com/@didi/weex-bridge/download/@didi/weex-bridge-0.1.10.tgz",
          "integrity": "sha1-UpKhAhYkN5QrrPwZC6gGkd3ygRg="
        }
      }
    },
    "@didi/didi-ua": {
      "version": "0.0.17",
      "resolved": "http://registry.npm.xiaojukeji.com/@didi/didi-ua/download/@didi/didi-ua-0.0.17.tgz",
      "integrity": "sha1-pvOEB492ozmq80e7MWy2G/iLyp8="
    },
    "@didi/didibridge": {
      "version": "0.2.9",
      "resolved": "http://registry.npm.xiaojukeji.com/@didi/didibridge/download/@didi/didibridge-0.2.9.tgz",
      "integrity": "sha1-ldX7aLWsSED7MmxjkkRk1I4Bwqw="
    },
    "@didi/nativelogin": {
      "version": "0.0.9",
      "resolved": "http://registry.npm.xiaojukeji.com/@didi/nativelogin/download/@didi/nativelogin-0.0.9.tgz",
      "integrity": "sha1-FhYfrGKidNLGzEzYC7SdiiTN7VI=",
      "requires": {
        "@didi/didibridge": "~0.2.9"
      }
    },
    "@didi/passport": {
      "version": "0.1.1",
      "resolved": "http://registry.npm.xiaojukeji.com/@didi/passport/download/@didi/passport-0.1.1.tgz",
      "integrity": "sha1-4neAXj8AndTKCrGiiOph0aGgTl0=",
      "requires": {
        "@didi/didi-ua": "~0.0.17",
        "@didi/didibridge": "~0.2.9",
        "@didi/nativelogin": "~0.0.6"
      }
    },
    "@didi/velocity-min": {
      "version": "1.0.0",
      "resolved": "http://registry.npm.xiaojukeji.com/@didi/velocity-min/download/@didi/velocity-min-1.0.0.tgz",
      "integrity": "sha1-OgHZmbB4UT62zlRDngEjusCO/q8="
    },
    "@didi/weex-bridge": {
      "version": "1.0.0",
      "resolved": "http://registry.npm.xiaojukeji.com/@didi/weex-bridge/download/@didi/weex-bridge-1.0.0.tgz",
      "integrity": "sha1-B3DB4W8TYA0yhCl4tfoVEabqZYQ="
    },
    "babel-runtime": {
      "version": "6.26.0",
      "resolved": "http://registry.npm.xiaojukeji.com/babel-runtime/download/babel-runtime-6.26.0.tgz",
      "integrity": "sha1-llxwWGaOgrVde/4E/yM3vItWR/4=",
      "requires": {
        "core-js": "^2.4.0",
        "regenerator-runtime": "^0.11.0"
      }
    },
    "better-scroll": {
      "version": "1.13.2",
      "resolved": "http://registry.npm.xiaojukeji.com/better-scroll/download/better-scroll-1.13.2.tgz",
      "integrity": "sha1-MebgiM8tI85I5S+tbMWRNP/rL1Y=",
      "requires": {
        "babel-runtime": "^6.0.0"
      }
    },
    "classnames": {
      "version": "2.2.6",
      "resolved": "http://registry.npm.xiaojukeji.com/classnames/download/classnames-2.2.6.tgz",
      "integrity": "sha1-Q5Nb/90pHzJtrQogUwmzjQD2UM4="
    },
    "core-js": {
      "version": "2.6.1",
      "resolved": "http://registry.npm.xiaojukeji.com/core-js/download/core-js-2.6.1.tgz",
      "integrity": "sha1-h0Fq6BfelXo/JJs7XKR11KrtYEI="
    },
    "fetch-detector": {
      "version": "1.0.1",
      "resolved": "http://registry.npm.xiaojukeji.com/fetch-detector/download/fetch-detector-1.0.1.tgz",
      "integrity": "sha1-bLPq9zjCcnhi6GiA1hIUI+qkIIM="
    },
    "fetch-ie8": {
      "version": "1.5.0",
      "resolved": "http://registry.npm.xiaojukeji.com/fetch-ie8/download/fetch-ie8-1.5.0.tgz",
      "integrity": "sha1-8RQcP5bLyJN6oxsPvBp3AiD7wVs="
    },
    "mobx": {
      "version": "3.6.1",
      "resolved": "http://registry.npm.xiaojukeji.com/mobx/download/mobx-3.6.1.tgz",
      "integrity": "sha1-rmOo8A4UhadA0Pka4val9o4wO+o="
    },
    "regenerator-runtime": {
      "version": "0.11.1",
      "resolved": "http://registry.npm.xiaojukeji.com/regenerator-runtime/download/regenerator-runtime-0.11.1.tgz",
      "integrity": "sha1-vgWtf5v30i4Fb5cmzuUBf78Z4uk="
    },
    "vuex": {
      "version": "3.0.1",
      "resolved": "http://registry.npm.xiaojukeji.com/vuex/download/vuex-3.0.1.tgz",
      "integrity": "sha1-52E1Lr4K9TfUu3Vam53Evj3379I="
    }
  }
}
